
Microsoft Visual Studio Solution File, Format Version 12.00
Project("{FAE04EC0-301F-11D3-BF4B-00C04F79EFBC}") = "Cache", "Cache\Cache.csproj", "{D467043D-0FE3-4B79-8B1F-F25DC607A2F7}"
EndProject
Project("{FAE04EC0-301F-11D3-BF4B-00C04F79EFBC}") = "Cache.Tests", "Cache.Tests\Cache.Tests.csproj", "{E9949ED2-C9C7-4B7E-B5B7-FC6EDE60C3F2}"
EndProject
Project("{FAE04EC0-301F-11D3-BF4B-00C04F79EFBC}") = "Cache.Cloudflare", "Cache.Cloudflare\Cache.Cloudflare.csproj", "{19F6A512-7379-43B0-A1B7-918E6947071F}"
EndProject
Project("{FAE04EC0-301F-11D3-BF4B-00C04F79EFBC}") = "Cache.InMemory", "Cache.InMemory\Cache.InMemory.csproj", "{F18AFDBB-817F-4033-A9BE-1762C6327012}"
EndProject
Project("{FAE04EC0-301F-11D3-BF4B-00C04F79EFBC}") = "Cache.Redis", "Cache.Redis\Cache.Redis.csproj", "{EA79D62F-D695-45F1-A212-B50EE8928E2F}"
EndProject
Project("{FAE04EC0-301F-11D3-BF4B-00C04F79EFBC}") = "Cache.Generators", "Cache.Generators\Cache.Generators\Cache.Generators.csproj", "{4392E2CB-9269-44EB-802D-FE03D04093DD}"
EndProject
Project("{FAE04EC0-301F-11D3-BF4B-00C04F79EFBC}") = "Cache.Generators.Sample", "Cache.Generators\Cache.Generators.Sample\Cache.Generators.Sample.csproj", "{022D4128-40A5-48AD-9BE9-C72D1C3D91EC}"
EndProject
Global
	GlobalSection(SolutionConfigurationPlatforms) = preSolution
		Debug|Any CPU = Debug|Any CPU
		Release|Any CPU = Release|Any CPU
	EndGlobalSection
	GlobalSection(ProjectConfigurationPlatforms) = postSolution
		{D467043D-0FE3-4B79-8B1F-F25DC607A2F7}.Debug|Any CPU.ActiveCfg = Debug|Any CPU
		{D467043D-0FE3-4B79-8B1F-F25DC607A2F7}.Debug|Any CPU.Build.0 = Debug|Any CPU
		{D467043D-0FE3-4B79-8B1F-F25DC607A2F7}.Release|Any CPU.ActiveCfg = Release|Any CPU
		{D467043D-0FE3-4B79-8B1F-F25DC607A2F7}.Release|Any CPU.Build.0 = Release|Any CPU
		{E9949ED2-C9C7-4B7E-B5B7-FC6EDE60C3F2}.Debug|Any CPU.ActiveCfg = Debug|Any CPU
		{E9949ED2-C9C7-4B7E-B5B7-FC6EDE60C3F2}.Debug|Any CPU.Build.0 = Debug|Any CPU
		{E9949ED2-C9C7-4B7E-B5B7-FC6EDE60C3F2}.Release|Any CPU.ActiveCfg = Release|Any CPU
		{E9949ED2-C9C7-4B7E-B5B7-FC6EDE60C3F2}.Release|Any CPU.Build.0 = Release|Any CPU
		{19F6A512-7379-43B0-A1B7-918E6947071F}.Debug|Any CPU.ActiveCfg = Debug|Any CPU
		{19F6A512-7379-43B0-A1B7-918E6947071F}.Debug|Any CPU.Build.0 = Debug|Any CPU
		{19F6A512-7379-43B0-A1B7-918E6947071F}.Release|Any CPU.ActiveCfg = Release|Any CPU
		{19F6A512-7379-43B0-A1B7-918E6947071F}.Release|Any CPU.Build.0 = Release|Any CPU
		{F18AFDBB-817F-4033-A9BE-1762C6327012}.Debug|Any CPU.ActiveCfg = Debug|Any CPU
		{F18AFDBB-817F-4033-A9BE-1762C6327012}.Debug|Any CPU.Build.0 = Debug|Any CPU
		{F18AFDBB-817F-4033-A9BE-1762C6327012}.Release|Any CPU.ActiveCfg = Release|Any CPU
		{F18AFDBB-817F-4033-A9BE-1762C6327012}.Release|Any CPU.Build.0 = Release|Any CPU
		{EA79D62F-D695-45F1-A212-B50EE8928E2F}.Debug|Any CPU.ActiveCfg = Debug|Any CPU
		{EA79D62F-D695-45F1-A212-B50EE8928E2F}.Debug|Any CPU.Build.0 = Debug|Any CPU
		{EA79D62F-D695-45F1-A212-B50EE8928E2F}.Release|Any CPU.ActiveCfg = Release|Any CPU
		{EA79D62F-D695-45F1-A212-B50EE8928E2F}.Release|Any CPU.Build.0 = Release|Any CPU
		{4392E2CB-9269-44EB-802D-FE03D04093DD}.Debug|Any CPU.ActiveCfg = Debug|Any CPU
		{4392E2CB-9269-44EB-802D-FE03D04093DD}.Debug|Any CPU.Build.0 = Debug|Any CPU
		{4392E2CB-9269-44EB-802D-FE03D04093DD}.Release|Any CPU.ActiveCfg = Release|Any CPU
		{4392E2CB-9269-44EB-802D-FE03D04093DD}.Release|Any CPU.Build.0 = Release|Any CPU
		{022D4128-40A5-48AD-9BE9-C72D1C3D91EC}.Debug|Any CPU.ActiveCfg = Debug|Any CPU
		{022D4128-40A5-48AD-9BE9-C72D1C3D91EC}.Debug|Any CPU.Build.0 = Debug|Any CPU
		{022D4128-40A5-48AD-9BE9-C72D1C3D91EC}.Release|Any CPU.ActiveCfg = Release|Any CPU
		{022D4128-40A5-48AD-9BE9-C72D1C3D91EC}.Release|Any CPU.Build.0 = Release|Any CPU
	EndGlobalSection
EndGlobal
